{
    "_readme": [
        "This file locks the dependencies of your project to a known state",
        "Read more about it at https://getcomposer.org/doc/01-basic-usage.md#installing-dependencies",
        "This file is @generated automatically"
    ],
    "content-hash": "8eb3f75b0a3cf080e5be8c8dde34684b",
    "packages": [
        {
            "name": "beycanpress/freshbooks",
            "version": "dev-master",
            "source": {
                "type": "git",
                "url": "https://github.com/BeycanPress/freshbooks.git",
                "reference": "400efdfb3b989a3a96ab01a5e3f5a66a83dff2dc"
            },
            "dist": {
                "type": "zip",
                "url": "https://api.github.com/repos/BeycanPress/freshbooks/zipball/400efdfb3b989a3a96ab01a5e3f5a66a83dff2dc",
                "reference": "400efdfb3b989a3a96ab01a5e3f5a66a83dff2dc",
                "shasum": ""
            },
            "require": {
                "beycanpress/http": "^0.1.3",
                "php": ">=7.4"
            },
            "default-branch": true,
            "type": "library",
            "autoload": {
                "psr-4": {
                    "BeycanPress\\FreshBooks\\": "src"
                }
            },
            "notification-url": "https://packagist.org/downloads/",
            "license": [
                "MIT"
            ],
            "description": "FreshBooks API SDK.",
            "homepage": "https://github.com/BeycanPress/freshbooks",
            "keywords": [
                "api",
                "freshbooks",
                "sdk"
            ],
            "support": {
                "issues": "https://github.com/BeycanPress/freshbooks/issues",
                "source": "https://github.com/BeycanPress/freshbooks/tree/master"
            },
            "time": "2023-05-05T08:39:19+00:00"
        },
        {
            "name": "beycanpress/http",
            "version": "0.1.3",
            "source": {
                "type": "git",
                "url": "https://github.com/BeycanPress/http.git",
                "reference": "dc6ad1f1d30e3ad47bc9b26bce5ea295ce7caded"
            },
            "dist": {
                "type": "zip",
                "url": "https://api.github.com/repos/BeycanPress/http/zipball/dc6ad1f1d30e3ad47bc9b26bce5ea295ce7caded",
                "reference": "dc6ad1f1d30e3ad47bc9b26bce5ea295ce7caded",
                "shasum": ""
            },
            "require": {
                "php": ">=7.4"
            },
            "type": "library",
            "autoload": {
                "psr-4": {
                    "BeycanPress\\Http\\": "src"
                }
            },
            "notification-url": "https://packagist.org/downloads/",
            "license": [
                "MIT"
            ],
            "description": "A simple and useful library for HTTP requests, response and client.",
            "homepage": "https://github.com/BeycanPress/http",
            "support": {
                "issues": "https://github.com/BeycanPress/http/issues",
                "source": "https://github.com/BeycanPress/http/tree/0.1.3"
            },
            "time": "2023-05-04T08:25:39+00:00"
        }
    ],
    "packages-dev": [],
    "aliases": [],
    "minimum-stability": "stable",
    "stability-flags": {
        "beycanpress/freshbooks": 20
    },
    "prefer-stable": false,
    "prefer-lowest": false,
    "platform": [],
    "platform-dev": [],
    "plugin-api-version": "2.3.0"
}
