{
    "_readme": [
        "This file locks the dependencies of your project to a known state",
        "Read more about it at https://getcomposer.org/doc/01-basic-usage.md#installing-dependencies",
        "This file is @generated automatically"
    ],
    "content-hash": "3957a43fb46ba76ff9ecfa18371525bc",
    "packages": [
        {
            "name": "beycanpress/csf",
            "version": "2.3.4",
            "source": {
                "type": "git",
                "url": "https://github.com/BeycanPress/csf.git",
                "reference": "f8db82b6339e69cbb765496d623789e7f472977e"
            },
            "dist": {
                "type": "zip",
                "url": "https://api.github.com/repos/BeycanPress/csf/zipball/f8db82b6339e69cbb765496d623789e7f472977e",
                "reference": "f8db82b6339e69cbb765496d623789e7f472977e",
                "shasum": ""
            },
            "type": "library",
            "notification-url": "https://packagist.org/downloads/",
            "license": [
                "GPL-2.0"
            ],
            "description": "Codestar Framework composer package",
            "homepage": "https://github.com/BeycanPress/csf",
            "support": {
                "issues": "https://github.com/BeycanPress/csf/issues",
                "source": "https://github.com/BeycanPress/csf/tree/2.3.4"
            },
            "time": "2023-12-06T04:35:59+00:00"
        },
        {
            "name": "beycanpress/freshbooks",
            "version": "0.1.3",
            "source": {
                "type": "git",
                "url": "https://github.com/BeycanPress/freshbooks.git",
                "reference": "13fa470a04b611f20ef9770bda6e2a520fc6bfda"
            },
            "dist": {
                "type": "zip",
                "url": "https://api.github.com/repos/BeycanPress/freshbooks/zipball/13fa470a04b611f20ef9770bda6e2a520fc6bfda",
                "reference": "13fa470a04b611f20ef9770bda6e2a520fc6bfda",
                "shasum": ""
            },
            "require": {
                "beycanpress/http": "^0.1.3",
                "php": ">=7.4"
            },
            "type": "library",
            "autoload": {
                "psr-4": {
                    "BeycanPress\\FreshBooks\\": "src"
                }
            },
            "notification-url": "https://packagist.org/downloads/",
            "license": [
                "MIT"
            ],
            "description": "FreshBooks API SDK.",
            "homepage": "https://github.com/BeycanPress/freshbooks",
            "keywords": [
                "api",
                "freshbooks",
                "sdk"
            ],
            "support": {
                "issues": "https://github.com/BeycanPress/freshbooks/issues",
                "source": "https://github.com/BeycanPress/freshbooks/tree/0.1.3"
            },
            "time": "2023-11-15T18:26:49+00:00"
        },
        {
            "name": "beycanpress/http",
            "version": "0.1.3",
            "source": {
                "type": "git",
                "url": "https://github.com/BeycanPress/http.git",
                "reference": "dc6ad1f1d30e3ad47bc9b26bce5ea295ce7caded"
            },
            "dist": {
                "type": "zip",
                "url": "https://api.github.com/repos/BeycanPress/http/zipball/dc6ad1f1d30e3ad47bc9b26bce5ea295ce7caded",
                "reference": "dc6ad1f1d30e3ad47bc9b26bce5ea295ce7caded",
                "shasum": ""
            },
            "require": {
                "php": ">=7.4"
            },
            "type": "library",
            "autoload": {
                "psr-4": {
                    "BeycanPress\\Http\\": "src"
                }
            },
            "notification-url": "https://packagist.org/downloads/",
            "license": [
                "MIT"
            ],
            "description": "A simple and useful library for HTTP requests, response and client.",
            "homepage": "https://github.com/BeycanPress/http",
            "support": {
                "issues": "https://github.com/BeycanPress/http/issues",
                "source": "https://github.com/BeycanPress/http/tree/0.1.3"
            },
            "time": "2023-05-04T08:25:39+00:00"
        }
    ],
    "packages-dev": [],
    "aliases": [],
    "minimum-stability": "stable",
    "stability-flags": [],
    "prefer-stable": false,
    "prefer-lowest": false,
    "platform": [],
    "platform-dev": [],
    "plugin-api-version": "2.3.0"
}
