{
    "_readme": [
        "This file locks the dependencies of your project to a known state",
        "Read more about it at https://getcomposer.org/doc/01-basic-usage.md#installing-dependencies",
        "This file is @generated automatically"
    ],
    "content-hash": "9ec7af8e693c2fd6d6b1a813f5af6a44",
    "packages": [
        {
            "name": "beycanpress/csf",
            "version": "2.4.0",
            "source": {
                "type": "git",
                "url": "https://github.com/BeycanPress/csf.git",
                "reference": "221ef88595f8debf4a25856ebe9a513e3b7515a1"
            },
            "dist": {
                "type": "zip",
                "url": "https://api.github.com/repos/BeycanPress/csf/zipball/221ef88595f8debf4a25856ebe9a513e3b7515a1",
                "reference": "221ef88595f8debf4a25856ebe9a513e3b7515a1",
                "shasum": ""
            },
            "type": "library",
            "notification-url": "https://packagist.org/downloads/",
            "license": [
                "GPL-2.0"
            ],
            "description": "Codestar Framework composer package",
            "homepage": "https://github.com/BeycanPress/csf",
            "support": {
                "issues": "https://github.com/BeycanPress/csf/issues",
                "source": "https://github.com/BeycanPress/csf/tree/2.4.0"
            },
            "time": "2024-10-10T17:56:32+00:00"
        },
        {
            "name": "beycanpress/freshbooks",
            "version": "0.1.7",
            "source": {
                "type": "git",
                "url": "https://github.com/BeycanPress/freshbooks.git",
                "reference": "8923f62618a3575f8356df0f7ffaec7538c40df5"
            },
            "dist": {
                "type": "zip",
                "url": "https://api.github.com/repos/BeycanPress/freshbooks/zipball/8923f62618a3575f8356df0f7ffaec7538c40df5",
                "reference": "8923f62618a3575f8356df0f7ffaec7538c40df5",
                "shasum": ""
            },
            "require": {
                "php": ">=8.1"
            },
            "type": "library",
            "autoload": {
                "psr-4": {
                    "BeycanPress\\FreshBooks\\": "src"
                }
            },
            "notification-url": "https://packagist.org/downloads/",
            "license": [
                "MIT"
            ],
            "description": "FreshBooks API SDK.",
            "homepage": "https://github.com/BeycanPress/freshbooks",
            "keywords": [
                "api",
                "freshbooks",
                "sdk"
            ],
            "support": {
                "issues": "https://github.com/BeycanPress/freshbooks/issues",
                "source": "https://github.com/BeycanPress/freshbooks/tree/0.1.7"
            },
            "time": "2024-10-23T09:01:00+00:00"
        }
    ],
    "packages-dev": [],
    "aliases": [],
    "minimum-stability": "stable",
    "stability-flags": [],
    "prefer-stable": false,
    "prefer-lowest": false,
    "platform": [],
    "platform-dev": [],
    "plugin-api-version": "2.6.0"
}
